
Microsoft Visual Studio Solution File, Format Version 12.00
# Visual Studio Version 17
VisualStudioVersion = 17.13.35931.197 d17.13
MinimumVisualStudioVersion = 10.0.40219.1
Project("{FAE04EC0-301F-11D3-BF4B-00C04F79EFBC}") = "Bookify", "Bookify.csproj", "{B14554EA-D1A1-41F0-BF9C-0DD058509571}"
EndProject
Global
	GlobalSection(SolutionConfigurationPlatforms) = preSolution
		Debug|Any CPU = Debug|Any CPU
		Release|Any CPU = Release|Any CPU
	EndGlobalSection
	GlobalSection(ProjectConfigurationPlatforms) = postSolution
		{B14554EA-D1A1-41F0-BF9C-0DD058509571}.Debug|Any CPU.ActiveCfg = Debug|Any CPU
		{B14554EA-D1A1-41F0-BF9C-0DD058509571}.Debug|Any CPU.Build.0 = Debug|Any CPU
		{B14554EA-D1A1-41F0-BF9C-0DD058509571}.Release|Any CPU.ActiveCfg = Release|Any CPU
		{B14554EA-D1A1-41F0-BF9C-0DD058509571}.Release|Any CPU.Build.0 = Release|Any CPU
	EndGlobalSection
	GlobalSection(SolutionProperties) = preSolution
		HideSolutionNode = FALSE
	EndGlobalSection
	GlobalSection(ExtensibilityGlobals) = postSolution
		SolutionGuid = {82A85A9D-BFC8-4A38-A3EA-ABEBC15F653F}
	EndGlobalSection
EndGlobal
